<?xml version="1.0" encoding="utf-8"?>
<Project ToolsVersion="4.0" xmlns="http://schemas.microsoft.com/developer/msbuild/2003">
  <ItemGroup>
    <Filter Include="Source Files">
      <UniqueIdentifier>{4FC737F1-C7A5-4376-A066-2A32D752A2FF}</UniqueIdentifier>
      <Extensions>cpp;c;cc;cxx;def;odl;idl;hpj;bat;asm;asmx</Extensions>
    </Filter>
    <Filter Include="Header Files">
      <UniqueIdentifier>{93995380-89BD-4b04-88EB-625FBE52EBFB}</UniqueIdentifier>
      <Extensions>h;hh;hpp;hxx;hm;inl;inc;ipp;xsd</Extensions>
    </Filter>
    <Filter Include="Resource Files">
      <UniqueIdentifier>{67DA6AB6-F800-4c08-8B7A-83BB121AAD01}</UniqueIdentifier>
      <Extensions>rc;ico;cur;bmp;dlg;rc2;rct;bin;rgs;gif;jpg;jpeg;jpe;resx;tiff;tif;png;wav;mfcribbon-ms</Extensions>
    </Filter>
  </ItemGroup>
  <ItemGroup>
    <None Include="..\SrcFiles\res\banner.bmp">
      <Filter>Resource Files</Filter>
    </None>
    <None Include="..\SrcFiles\res\dialog.bmp">
      <Filter>Resource Files</Filter>
    </None>
    <None Include="..\SrcFiles\res\My_en-us.wxl">
      <Filter>Resource Files</Filter>
    </None>
    <None Include="..\SrcFiles\res\WixApp.ico">
      <Filter>Resource Files</Filter>
    </None>
    <None Include="..\SrcFiles\res\WixApp.rc2">
      <Filter>Resource Files</Filter>
    </None>
    <None Include="..\..\Library\AboutFiles\About.rc2">
      <Filter>Resource Files</Filter>
    </None>
    <None Include="C:\Users\rrvt\AppData\Roaming\WixApp\WixApp.ini" />
  </ItemGroup>
  <ItemGroup>
    <ClCompile Include="..\SrcFiles\ChildView.cpp">
      <Filter>Source Files</Filter>
    </ClCompile>
    <ClCompile Include="..\SrcFiles\Component.cpp">
      <Filter>Source Files</Filter>
    </ClCompile>
    <ClCompile Include="..\SrcFiles\DefaultPath.cpp">
      <Filter>Source Files</Filter>
    </ClCompile>
    <ClCompile Include="..\SrcFiles\DirDesc.cpp">
      <Filter>Source Files</Filter>
    </ClCompile>
    <ClCompile Include="..\SrcFiles\Directory.cpp">
      <Filter>Source Files</Filter>
    </ClCompile>
    <ClCompile Include="..\SrcFiles\Feature.cpp">
      <Filter>Source Files</Filter>
    </ClCompile>
    <ClCompile Include="..\SrcFiles\Finish.cpp">
      <Filter>Source Files</Filter>
    </ClCompile>
    <ClCompile Include="..\SrcFiles\Group.cpp">
      <Filter>Source Files</Filter>
    </ClCompile>
    <ClCompile Include="..\SrcFiles\Icons.cpp">
      <Filter>Source Files</Filter>
    </ClCompile>
    <ClCompile Include="..\SrcFiles\MainFrm.cpp">
      <Filter>Source Files</Filter>
    </ClCompile>
    <ClCompile Include="..\SrcFiles\Options.cpp">
      <Filter>Source Files</Filter>
    </ClCompile>
    <ClCompile Include="..\SrcFiles\PathDesc.cpp">
      <Filter>Source Files</Filter>
    </ClCompile>
    <ClCompile Include="..\SrcFiles\PathUnits.cpp">
      <Filter>Source Files</Filter>
    </ClCompile>
    <ClCompile Include="..\SrcFiles\Product.cpp">
      <Filter>Source Files</Filter>
    </ClCompile>
    <ClCompile Include="..\SrcFiles\Prolog.cpp">
      <Filter>Source Files</Filter>
    </ClCompile>
    <ClCompile Include="..\SrcFiles\RequiredOSs.cpp">
      <Filter>Source Files</Filter>
    </ClCompile>
    <ClCompile Include="..\SrcFiles\Solution.cpp">
      <Filter>Source Files</Filter>
    </ClCompile>
    <ClCompile Include="..\SrcFiles\SolutionPath.cpp">
      <Filter>Source Files</Filter>
    </ClCompile>
    <ClCompile Include="..\SrcFiles\stdafx.cpp">
      <Filter>Source Files</Filter>
    </ClCompile>
    <ClCompile Include="..\SrcFiles\WixApp.cpp">
      <Filter>Source Files</Filter>
    </ClCompile>
    <ClCompile Include="..\SrcFiles\WixData.cpp">
      <Filter>Source Files</Filter>
    </ClCompile>
    <ClCompile Include="..\SrcFiles\WixDataDlg.cpp">
      <Filter>Source Files</Filter>
    </ClCompile>
    <ClCompile Include="..\SrcFiles\WixOut.cpp">
      <Filter>Source Files</Filter>
    </ClCompile>
    <ClCompile Include="..\SrcFiles\WixUtilites.cpp">
      <Filter>Source Files</Filter>
    </ClCompile>
    <ClCompile Include="..\..\Library\AboutFiles\About.cpp">
      <Filter>Source Files</Filter>
    </ClCompile>
  </ItemGroup>
  <ItemGroup>
    <ClInclude Include="..\SrcFiles\ChildView.h">
      <Filter>Header Files</Filter>
    </ClInclude>
    <ClInclude Include="..\SrcFiles\Component.h">
      <Filter>Header Files</Filter>
    </ClInclude>
    <ClInclude Include="..\SrcFiles\DefaultPath.h">
      <Filter>Header Files</Filter>
    </ClInclude>
    <ClInclude Include="..\SrcFiles\DirDesc.h">
      <Filter>Header Files</Filter>
    </ClInclude>
    <ClInclude Include="..\SrcFiles\Directory.h">
      <Filter>Header Files</Filter>
    </ClInclude>
    <ClInclude Include="..\SrcFiles\DirectoryStore.h">
      <Filter>Header Files</Filter>
    </ClInclude>
    <ClInclude Include="..\SrcFiles\EntityStore.h">
      <Filter>Header Files</Filter>
    </ClInclude>
    <ClInclude Include="..\SrcFiles\Feature.h">
      <Filter>Header Files</Filter>
    </ClInclude>
    <ClInclude Include="..\SrcFiles\Finish.h">
      <Filter>Header Files</Filter>
    </ClInclude>
    <ClInclude Include="..\SrcFiles\Group.h">
      <Filter>Header Files</Filter>
    </ClInclude>
    <ClInclude Include="..\SrcFiles\HtmlHelp.h">
      <Filter>Header Files</Filter>
    </ClInclude>
    <ClInclude Include="..\SrcFiles\Icons.h">
      <Filter>Header Files</Filter>
    </ClInclude>
    <ClInclude Include="..\SrcFiles\MainFrm.h">
      <Filter>Header Files</Filter>
    </ClInclude>
    <ClInclude Include="..\SrcFiles\Options.h">
      <Filter>Header Files</Filter>
    </ClInclude>
    <ClInclude Include="..\SrcFiles\PathDesc.h">
      <Filter>Header Files</Filter>
    </ClInclude>
    <ClInclude Include="..\SrcFiles\PathUnits.h">
      <Filter>Header Files</Filter>
    </ClInclude>
    <ClInclude Include="..\SrcFiles\Product.h">
      <Filter>Header Files</Filter>
    </ClInclude>
    <ClInclude Include="..\SrcFiles\Prolog.h">
      <Filter>Header Files</Filter>
    </ClInclude>
    <ClInclude Include="..\SrcFiles\RequiredOSs.h">
      <Filter>Header Files</Filter>
    </ClInclude>
    <ClInclude Include="..\SrcFiles\resource.h">
      <Filter>Header Files</Filter>
    </ClInclude>
    <ClInclude Include="..\SrcFiles\Solution.h">
      <Filter>Header Files</Filter>
    </ClInclude>
    <ClInclude Include="..\SrcFiles\SolutionPath.h">
      <Filter>Header Files</Filter>
    </ClInclude>
    <ClInclude Include="..\SrcFiles\stdafx.h">
      <Filter>Header Files</Filter>
    </ClInclude>
    <ClInclude Include="..\SrcFiles\targetver.h">
      <Filter>Header Files</Filter>
    </ClInclude>
    <ClInclude Include="..\SrcFiles\WixApp.h">
      <Filter>Header Files</Filter>
    </ClInclude>
    <ClInclude Include="..\SrcFiles\WixData.h">
      <Filter>Header Files</Filter>
    </ClInclude>
    <ClInclude Include="..\SrcFiles\WixDataDlg.h">
      <Filter>Header Files</Filter>
    </ClInclude>
    <ClInclude Include="..\SrcFiles\WixOut.h">
      <Filter>Header Files</Filter>
    </ClInclude>
    <ClInclude Include="..\SrcFiles\WixUtilities.h">
      <Filter>Header Files</Filter>
    </ClInclude>
    <ClInclude Include="..\..\Library\AboutFiles\About.h">
      <Filter>Header Files</Filter>
    </ClInclude>
  </ItemGroup>
  <ItemGroup>
    <ResourceCompile Include="..\SrcFiles\WixApp.rc">
      <Filter>Resource Files</Filter>
    </ResourceCompile>
  </ItemGroup>
</Project>
