
Microsoft Visual Studio Solution File, Format Version 12.00
# Visual Studio 15
VisualStudioVersion = 15.0.28307.1684
MinimumVisualStudioVersion = 10.0.40219.1
Project("{46EB7004-FA13-4339-B6ED-480DD772589C}") = "WixApp", "..\WixApp.prj\WixApp.vcxproj", "{B02B99B3-1CAC-4271-A0CF-2036BB89BAAB}"
	ProjectSection(ProjectDependencies) = postProject
		{79002FC4-7020-4E7A-A454-9E842E5BA2A2} = {79002FC4-7020-4E7A-A454-9E842E5BA2A2}
	EndProjectSection
EndProject
Project("{46EB7004-FA13-4339-B6ED-480DD772589C}") = "Library", "..\..\Library\Library.prj\Library.vcxproj", "{EC9E0019-E7B7-4C83-8097-A339B2B34ADF}"
	ProjectSection(ProjectDependencies) = postProject
		{79002FC4-7020-4E7A-A454-9E842E5BA2A2} = {79002FC4-7020-4E7A-A454-9E842E5BA2A2}
	EndProjectSection
EndProject
Project("{46EB7004-FA13-4339-B6ED-480DD772589C}") = "WixAppHlp", "..\WixApp.hlp\WixAppHlp.vcxproj", "{79002FC4-7020-4E7A-A454-9E842E5BA2A2}"
EndProject
Project("{BC76A3AE-88A7-4212-BBE6-AEE8C21153D8}") = "WixAppWix", "..\WixApp.wix\WixAppWix.wixproj", "{A997FFFC-F621-4B45-999D-8C66C3025C43}"
	ProjectSection(ProjectDependencies) = postProject
		{B02B99B3-1CAC-4271-A0CF-2036BB89BAAB} = {B02B99B3-1CAC-4271-A0CF-2036BB89BAAB}
		{79002FC4-7020-4E7A-A454-9E842E5BA2A2} = {79002FC4-7020-4E7A-A454-9E842E5BA2A2}
		{EC9E0019-E7B7-4C83-8097-A339B2B34ADF} = {EC9E0019-E7B7-4C83-8097-A339B2B34ADF}
	EndProjectSection
EndProject
Global
	GlobalSection(SolutionConfigurationPlatforms) = preSolution
		Debug|Win32 = Debug|Win32
		Release|Win32 = Release|Win32
	EndGlobalSection
	GlobalSection(ProjectConfigurationPlatforms) = postSolution
		{B02B99B3-1CAC-4271-A0CF-2036BB89BAAB}.Debug|Win32.ActiveCfg = Debug|Win32
		{B02B99B3-1CAC-4271-A0CF-2036BB89BAAB}.Debug|Win32.Build.0 = Debug|Win32
		{B02B99B3-1CAC-4271-A0CF-2036BB89BAAB}.Release|Win32.ActiveCfg = Release|Win32
		{B02B99B3-1CAC-4271-A0CF-2036BB89BAAB}.Release|Win32.Build.0 = Release|Win32
		{EC9E0019-E7B7-4C83-8097-A339B2B34ADF}.Debug|Win32.ActiveCfg = Debug|Win32
		{EC9E0019-E7B7-4C83-8097-A339B2B34ADF}.Debug|Win32.Build.0 = Debug|Win32
		{EC9E0019-E7B7-4C83-8097-A339B2B34ADF}.Release|Win32.ActiveCfg = Release|Win32
		{EC9E0019-E7B7-4C83-8097-A339B2B34ADF}.Release|Win32.Build.0 = Release|Win32
		{79002FC4-7020-4E7A-A454-9E842E5BA2A2}.Debug|Win32.ActiveCfg = Debug|Win32
		{79002FC4-7020-4E7A-A454-9E842E5BA2A2}.Debug|Win32.Build.0 = Debug|Win32
		{79002FC4-7020-4E7A-A454-9E842E5BA2A2}.Release|Win32.ActiveCfg = Release|Win32
		{79002FC4-7020-4E7A-A454-9E842E5BA2A2}.Release|Win32.Build.0 = Release|Win32
		{A997FFFC-F621-4B45-999D-8C66C3025C43}.Debug|Win32.ActiveCfg = Debug|x86
		{A997FFFC-F621-4B45-999D-8C66C3025C43}.Release|Win32.ActiveCfg = Release|x86
		{A997FFFC-F621-4B45-999D-8C66C3025C43}.Release|Win32.Build.0 = Release|x86
	EndGlobalSection
	GlobalSection(SolutionProperties) = preSolution
		HideSolutionNode = FALSE
	EndGlobalSection
	GlobalSection(ExtensibilityGlobals) = postSolution
		SolutionGuid = {9C6A074C-1426-4DFC-8E72-06B6FF6A592C}
	EndGlobalSection
EndGlobal
