
Microsoft Visual Studio Solution File, Format Version 12.00
# Visual Studio Version 17
VisualStudioVersion = 17.3.32929.385
MinimumVisualStudioVersion = 10.0.40219.1
Project("{8BC9CEB8-8B4A-11D0-8D11-00A0C91BC942}") = "WixApp", "..\WixApp.prj\WixApp.vcxproj", "{B02B99B3-1CAC-4271-A0CF-2036BB89BAAB}"
	ProjectSection(ProjectDependencies) = postProject
		{F9033CDA-E37D-4F43-BBC5-D881C6EDCE9A} = {F9033CDA-E37D-4F43-BBC5-D881C6EDCE9A}
	EndProjectSection
EndProject
Project("{930C7802-8A8C-48F9-8165-68863BCCD9DD}") = "WixAppWix", "..\WixApp.wix\WixAppWix.wixproj", "{C90388D6-3129-4DE9-8971-1F4FEA6D9865}"
	ProjectSection(ProjectDependencies) = postProject
		{B02B99B3-1CAC-4271-A0CF-2036BB89BAAB} = {B02B99B3-1CAC-4271-A0CF-2036BB89BAAB}
	EndProjectSection
EndProject
Project("{8BC9CEB8-8B4A-11D0-8D11-00A0C91BC942}") = "WixApp.hlp", "..\WixApp.hlp\WixApp.hlp.vcxproj", "{8856D6D2-E842-4CA0-8B82-1FC5DD2A3B64}"
EndProject
Project("{8BC9CEB8-8B4A-11D0-8D11-00A0C91BC942}") = "Library", "..\..\Library\Library\Library.vcxproj", "{CF57F3EC-D3DB-4469-8519-3F9D73785D9B}"
	ProjectSection(ProjectDependencies) = postProject
		{8856D6D2-E842-4CA0-8B82-1FC5DD2A3B64} = {8856D6D2-E842-4CA0-8B82-1FC5DD2A3B64}
	EndProjectSection
EndProject
Project("{8BC9CEB8-8B4A-11D0-8D11-00A0C91BC942}") = "Dialog", "..\..\Library\Dialog\Dialog.vcxproj", "{F9033CDA-E37D-4F43-BBC5-D881C6EDCE9A}"
EndProject
Global
	GlobalSection(SolutionConfigurationPlatforms) = preSolution
		Debug|Win32 = Debug|Win32
		Release|Win32 = Release|Win32
	EndGlobalSection
	GlobalSection(ProjectConfigurationPlatforms) = postSolution
		{B02B99B3-1CAC-4271-A0CF-2036BB89BAAB}.Debug|Win32.ActiveCfg = Debug|Win32
		{B02B99B3-1CAC-4271-A0CF-2036BB89BAAB}.Debug|Win32.Build.0 = Debug|Win32
		{B02B99B3-1CAC-4271-A0CF-2036BB89BAAB}.Release|Win32.ActiveCfg = Release|Win32
		{B02B99B3-1CAC-4271-A0CF-2036BB89BAAB}.Release|Win32.Build.0 = Release|Win32
		{C90388D6-3129-4DE9-8971-1F4FEA6D9865}.Debug|Win32.ActiveCfg = Debug|x86
		{C90388D6-3129-4DE9-8971-1F4FEA6D9865}.Release|Win32.ActiveCfg = Release|x86
		{C90388D6-3129-4DE9-8971-1F4FEA6D9865}.Release|Win32.Build.0 = Release|x86
		{8856D6D2-E842-4CA0-8B82-1FC5DD2A3B64}.Debug|Win32.ActiveCfg = Debug|Win32
		{8856D6D2-E842-4CA0-8B82-1FC5DD2A3B64}.Debug|Win32.Build.0 = Debug|Win32
		{8856D6D2-E842-4CA0-8B82-1FC5DD2A3B64}.Release|Win32.ActiveCfg = Release|Win32
		{8856D6D2-E842-4CA0-8B82-1FC5DD2A3B64}.Release|Win32.Build.0 = Release|Win32
		{CF57F3EC-D3DB-4469-8519-3F9D73785D9B}.Debug|Win32.ActiveCfg = Debug|Win32
		{CF57F3EC-D3DB-4469-8519-3F9D73785D9B}.Debug|Win32.Build.0 = Debug|Win32
		{CF57F3EC-D3DB-4469-8519-3F9D73785D9B}.Release|Win32.ActiveCfg = Release|Win32
		{CF57F3EC-D3DB-4469-8519-3F9D73785D9B}.Release|Win32.Build.0 = Release|Win32
		{F9033CDA-E37D-4F43-BBC5-D881C6EDCE9A}.Debug|Win32.ActiveCfg = Debug|Win32
		{F9033CDA-E37D-4F43-BBC5-D881C6EDCE9A}.Debug|Win32.Build.0 = Debug|Win32
		{F9033CDA-E37D-4F43-BBC5-D881C6EDCE9A}.Release|Win32.ActiveCfg = Release|Win32
		{F9033CDA-E37D-4F43-BBC5-D881C6EDCE9A}.Release|Win32.Build.0 = Release|Win32
	EndGlobalSection
	GlobalSection(SolutionProperties) = preSolution
		HideSolutionNode = FALSE
	EndGlobalSection
	GlobalSection(ExtensibilityGlobals) = postSolution
		SolutionGuid = {9C6A074C-1426-4DFC-8E72-06B6FF6A592C}
	EndGlobalSection
EndGlobal
