<?xml version="1.0" encoding="utf-8"?>
<Project ToolsVersion="4.0" xmlns="http://schemas.microsoft.com/developer/msbuild/2003">
  <ItemGroup>
    <Filter Include="Source Files">
      <UniqueIdentifier>{4FC737F1-C7A5-4376-A066-2A32D752A2FF}</UniqueIdentifier>
      <Extensions>cpp;c;cc;cxx;def;odl;idl;hpj;bat;asm;asmx</Extensions>
    </Filter>
    <Filter Include="Header Files">
      <UniqueIdentifier>{93995380-89BD-4b04-88EB-625FBE52EBFB}</UniqueIdentifier>
      <Extensions>h;hh;hpp;hxx;hm;inl;inc;ipp;xsd</Extensions>
    </Filter>
    <Filter Include="Resource Files">
      <UniqueIdentifier>{67DA6AB6-F800-4c08-8B7A-83BB121AAD01}</UniqueIdentifier>
      <Extensions>rc;ico;cur;bmp;dlg;rc2;rct;bin;rgs;gif;jpg;jpeg;jpe;resx;tiff;tif;png;wav;mfcribbon-ms</Extensions>
    </Filter>
  </ItemGroup>
  <ItemGroup>
    <ClInclude Include="targetver.h">
      <Filter>Header Files</Filter>
    </ClInclude>
    <ClInclude Include="Resource.h">
      <Filter>Header Files</Filter>
    </ClInclude>
    <ClInclude Include="MainFrame.h">
      <Filter>Header Files</Filter>
    </ClInclude>
    <ClInclude Include="SFTP.h">
      <Filter>Header Files</Filter>
    </ClInclude>
    <ClInclude Include="SFTPDoc.h">
      <Filter>Header Files</Filter>
    </ClInclude>
    <ClInclude Include="SFTPView.h">
      <Filter>Header Files</Filter>
    </ClInclude>
    <ClInclude Include="..\..\Library\Extras\AboutDlg.h">
      <Filter>Header Files</Filter>
    </ClInclude>
    <ClInclude Include="framework.h">
      <Filter>Header Files</Filter>
    </ClInclude>
    <ClInclude Include="pch.h">
      <Filter>Header Files</Filter>
    </ClInclude>
    <ClInclude Include="..\..\Library\Extras\OptionsDlg.h">
      <Filter>Header Files</Filter>
    </ClInclude>
    <ClInclude Include="..\..\Library\Extras\ResourceExtra.h">
      <Filter>Header Files</Filter>
    </ClInclude>
    <ClInclude Include="..\..\Library\Extras\RptOrientDlgTwo.h">
      <Filter>Header Files</Filter>
    </ClInclude>
    <ClInclude Include="SiteID.h">
      <Filter>Header Files</Filter>
    </ClInclude>
    <ClInclude Include="Utilities.h">
      <Filter>Header Files</Filter>
    </ClInclude>
    <ClInclude Include="SiteLoginDlg.h">
      <Filter>Header Files</Filter>
    </ClInclude>
    <ClInclude Include="CmdTest.h">
      <Filter>Header Files</Filter>
    </ClInclude>
    <ClInclude Include="SiteFileDscs.h">
      <Filter>Header Files</Filter>
    </ClInclude>
    <ClInclude Include="SitePickerDlg.h">
      <Filter>Header Files</Filter>
    </ClInclude>
    <ClInclude Include="WebFiles.h">
      <Filter>Header Files</Filter>
    </ClInclude>
    <ClInclude Include="UpdateDlg.h">
      <Filter>Header Files</Filter>
    </ClInclude>
    <ClInclude Include="UpdateCmd.h">
      <Filter>Header Files</Filter>
    </ClInclude>
    <ClInclude Include="PrepWebCmprCmd.h">
      <Filter>Header Files</Filter>
    </ClInclude>
    <ClInclude Include="DirList.h">
      <Filter>Header Files</Filter>
    </ClInclude>
    <ClInclude Include="MyToolBar.h">
      <Filter>Header Files</Filter>
    </ClInclude>
  </ItemGroup>
  <ItemGroup>
    <ClCompile Include="MainFrame.cpp">
      <Filter>Source Files</Filter>
    </ClCompile>
    <ClCompile Include="SFTP.cpp">
      <Filter>Source Files</Filter>
    </ClCompile>
    <ClCompile Include="SFTPDoc.cpp">
      <Filter>Source Files</Filter>
    </ClCompile>
    <ClCompile Include="SFTPView.cpp">
      <Filter>Source Files</Filter>
    </ClCompile>
    <ClCompile Include="..\..\Library\Extras\AboutDlg.cpp">
      <Filter>Source Files</Filter>
    </ClCompile>
    <ClCompile Include="pch.cpp">
      <Filter>Source Files</Filter>
    </ClCompile>
    <ClCompile Include="..\..\Library\Extras\OptionsDlg.cpp">
      <Filter>Source Files</Filter>
    </ClCompile>
    <ClCompile Include="..\..\Library\Extras\RptOrientDlgTwo.cpp">
      <Filter>Source Files</Filter>
    </ClCompile>
    <ClCompile Include="SiteID.cpp">
      <Filter>Source Files</Filter>
    </ClCompile>
    <ClCompile Include="Utilities.cpp">
      <Filter>Source Files</Filter>
    </ClCompile>
    <ClCompile Include="SiteLoginDlg.cpp">
      <Filter>Source Files</Filter>
    </ClCompile>
    <ClCompile Include="CmdTest.cpp">
      <Filter>Source Files</Filter>
    </ClCompile>
    <ClCompile Include="SiteFileDscs.cpp">
      <Filter>Source Files</Filter>
    </ClCompile>
    <ClCompile Include="SitePickerDlg.cpp">
      <Filter>Source Files</Filter>
    </ClCompile>
    <ClCompile Include="WebFiles.cpp">
      <Filter>Source Files</Filter>
    </ClCompile>
    <ClCompile Include="UpdateDlg.cpp">
      <Filter>Source Files</Filter>
    </ClCompile>
    <ClCompile Include="UpdateCmd.cpp">
      <Filter>Source Files</Filter>
    </ClCompile>
    <ClCompile Include="PrepWebCmprCmd.cpp">
      <Filter>Source Files</Filter>
    </ClCompile>
    <ClCompile Include="DirList.cpp">
      <Filter>Source Files</Filter>
    </ClCompile>
    <ClCompile Include="MyToolBar.cpp">
      <Filter>Source Files</Filter>
    </ClCompile>
  </ItemGroup>
  <ItemGroup>
    <ResourceCompile Include="SFTP.rc">
      <Filter>Resource Files</Filter>
    </ResourceCompile>
  </ItemGroup>
  <ItemGroup>
    <None Include="res\SFTP.rc2">
      <Filter>Resource Files</Filter>
    </None>
    <None Include="res\Toolbar.bmp">
      <Filter>Resource Files</Filter>
    </None>
    <None Include="..\..\Library\Extras\AboutDlg.rc2">
      <Filter>Resource Files</Filter>
    </None>
    <None Include="C:\Users\rrvt\AppData\Roaming\SFTP\SFTP.ini" />
    <None Include="..\..\Library\Extras\Options.rc2">
      <Filter>Resource Files</Filter>
    </None>
    <None Include="..\..\Library\Extras\RptOrientTwo.rc2">
      <Filter>Resource Files</Filter>
    </None>
    <None Include="..\README.md" />
    <None Include="..\NewSWDE\Pictures.htm" />
    <None Include="C:\Users\rrvt\AppData\Roaming\SFTP\NewWebSite.csv" />
    <None Include="C:\Users\rrvt\AppData\Roaming\SFTP\swdeWebSite.csv" />
    <None Include="C:\Users\rrvt\AppData\Roaming\SFTP\UglyWebSite.csv" />
    <None Include="..\Data\NewWebSitesave.csv" />
  </ItemGroup>
  <ItemGroup>
    <Image Include="res\ShortToolbar.bmp">
      <Filter>Resource Files</Filter>
    </Image>
    <Image Include="res\SFTP.ico">
      <Filter>Resource Files</Filter>
    </Image>
  </ItemGroup>
</Project>